
Microsoft Visual Studio Solution File, Format Version 12.00
# Visual Studio Version 17
VisualStudioVersion = 17.1.32414.318
MinimumVisualStudioVersion = 10.0.40219.1
Project("{9A19103F-16F7-4668-BE54-9A1E7A4F7556}") = "ILRepack.FullAuto", "ILRepack.FullAuto\ILRepack.FullAuto.csproj", "{3CC9877D-4841-45A8-BA68-C1A8ACEF941E}"
EndProject
Project("{2150E333-8FDC-42A3-9474-1A3956D46DE8}") = "Solution Items", "Solution Items", "{A98B9312-AA45-44F9-A9AD-07D46F8E34EC}"
	ProjectSection(SolutionItems) = preProject
		.gitignore = .gitignore
		build-nupkg.bat = build-nupkg.bat
		build-nupkg.sh = build-nupkg.sh
		ILRepack-options.txt = ILRepack-options.txt
		LICENSE = LICENSE
		README.md = README.md
	EndProjectSection
EndProject
Project("{2150E333-8FDC-42A3-9474-1A3956D46DE8}") = "PlayGround", "PlayGround", "{BCF44A03-9336-46A9-9BD5-8490079E460E}"
EndProject
Project("{9A19103F-16F7-4668-BE54-9A1E7A4F7556}") = "ILRepack.FullAuto.Sample", "PlayGround\ILRepack.FullAuto.Sample\ILRepack.FullAuto.Sample.csproj", "{6D5252FD-B97D-4C51-A37E-42C96D26386E}"
	ProjectSection(ProjectDependencies) = postProject
		{3CC9877D-4841-45A8-BA68-C1A8ACEF941E} = {3CC9877D-4841-45A8-BA68-C1A8ACEF941E}
	EndProjectSection
EndProject
Global
	GlobalSection(SolutionConfigurationPlatforms) = preSolution
		Debug|Any CPU = Debug|Any CPU
		Release|Any CPU = Release|Any CPU
	EndGlobalSection
	GlobalSection(ProjectConfigurationPlatforms) = postSolution
		{3CC9877D-4841-45A8-BA68-C1A8ACEF941E}.Debug|Any CPU.ActiveCfg = Debug|Any CPU
		{3CC9877D-4841-45A8-BA68-C1A8ACEF941E}.Debug|Any CPU.Build.0 = Debug|Any CPU
		{3CC9877D-4841-45A8-BA68-C1A8ACEF941E}.Release|Any CPU.ActiveCfg = Release|Any CPU
		{3CC9877D-4841-45A8-BA68-C1A8ACEF941E}.Release|Any CPU.Build.0 = Release|Any CPU
		{6D5252FD-B97D-4C51-A37E-42C96D26386E}.Debug|Any CPU.ActiveCfg = Debug|Any CPU
		{6D5252FD-B97D-4C51-A37E-42C96D26386E}.Debug|Any CPU.Build.0 = Debug|Any CPU
		{6D5252FD-B97D-4C51-A37E-42C96D26386E}.Release|Any CPU.ActiveCfg = Release|Any CPU
		{6D5252FD-B97D-4C51-A37E-42C96D26386E}.Release|Any CPU.Build.0 = Release|Any CPU
	EndGlobalSection
	GlobalSection(SolutionProperties) = preSolution
		HideSolutionNode = FALSE
	EndGlobalSection
	GlobalSection(NestedProjects) = preSolution
		{6D5252FD-B97D-4C51-A37E-42C96D26386E} = {BCF44A03-9336-46A9-9BD5-8490079E460E}
	EndGlobalSection
	GlobalSection(ExtensibilityGlobals) = postSolution
		SolutionGuid = {99F94A06-9A6D-44E7-9DEB-4A534989D7D8}
	EndGlobalSection
EndGlobal
